
Microsoft Visual Studio Solution File, Format Version 12.00
# Visual Studio 14
VisualStudioVersion = 14.0.25420.1
MinimumVisualStudioVersion = 10.0.40219.1
Project("{FAE04EC0-301F-11D3-BF4B-00C04F79EFBC}") = "HW_15", "HW_15\HW_15.csproj", "{F587A66E-C61E-423A-881A-6E82E8AAA4B8}"
EndProject
Project("{FAE04EC0-301F-11D3-BF4B-00C04F79EFBC}") = "StackAndQueue", "StackAndQueue\StackAndQueue.csproj", "{2C170E21-BBCF-4AB7-9DE9-A8F77BE496A7}"
EndProject
Global
	GlobalSection(SolutionConfigurationPlatforms) = preSolution
		Debug|Any CPU = Debug|Any CPU
		Release|Any CPU = Release|Any CPU
	EndGlobalSection
	GlobalSection(ProjectConfigurationPlatforms) = postSolution
		{F587A66E-C61E-423A-881A-6E82E8AAA4B8}.Debug|Any CPU.ActiveCfg = Debug|Any CPU
		{F587A66E-C61E-423A-881A-6E82E8AAA4B8}.Debug|Any CPU.Build.0 = Debug|Any CPU
		{F587A66E-C61E-423A-881A-6E82E8AAA4B8}.Release|Any CPU.ActiveCfg = Release|Any CPU
		{F587A66E-C61E-423A-881A-6E82E8AAA4B8}.Release|Any CPU.Build.0 = Release|Any CPU
		{2C170E21-BBCF-4AB7-9DE9-A8F77BE496A7}.Debug|Any CPU.ActiveCfg = Debug|Any CPU
		{2C170E21-BBCF-4AB7-9DE9-A8F77BE496A7}.Debug|Any CPU.Build.0 = Debug|Any CPU
		{2C170E21-BBCF-4AB7-9DE9-A8F77BE496A7}.Release|Any CPU.ActiveCfg = Release|Any CPU
		{2C170E21-BBCF-4AB7-9DE9-A8F77BE496A7}.Release|Any CPU.Build.0 = Release|Any CPU
	EndGlobalSection
	GlobalSection(SolutionProperties) = preSolution
		HideSolutionNode = FALSE
	EndGlobalSection
EndGlobal
